
Microsoft Visual Studio Solution File, Format Version 12.00
Project("{FAE04EC0-301F-11D3-BF4B-00C04F79EFBC}") = "cache-me-if-you-can", "cache-me-if-you-can\cache-me-if-you-can.csproj", "{0B01E008-349D-4FB2-A85E-F16BFD8CADE5}"
EndProject
Project("{FAE04EC0-301F-11D3-BF4B-00C04F79EFBC}") = "cache-me-if-you-can.Tests", "cache-me-if-you-can.Tests\cache-me-if-you-can.Tests.csproj", "{C1549375-B510-4060-8B55-585C18501DE0}"
EndProject
Project("{FAE04EC0-301F-11D3-BF4B-00C04F79EFBC}") = "cache-me-if-you-can.Benchmarks", "cache-me-if-you-can.Benchmarks\cache-me-if-you-can.Benchmarks.csproj", "{F020099D-34B2-43F3-9F18-97F40784E6F6}"
EndProject
Global
	GlobalSection(SolutionConfigurationPlatforms) = preSolution
		Debug|Any CPU = Debug|Any CPU
		Release|Any CPU = Release|Any CPU
	EndGlobalSection
	GlobalSection(ProjectConfigurationPlatforms) = postSolution
		{0B01E008-349D-4FB2-A85E-F16BFD8CADE5}.Debug|Any CPU.ActiveCfg = Debug|Any CPU
		{0B01E008-349D-4FB2-A85E-F16BFD8CADE5}.Debug|Any CPU.Build.0 = Debug|Any CPU
		{0B01E008-349D-4FB2-A85E-F16BFD8CADE5}.Release|Any CPU.ActiveCfg = Release|Any CPU
		{0B01E008-349D-4FB2-A85E-F16BFD8CADE5}.Release|Any CPU.Build.0 = Release|Any CPU
		{C1549375-B510-4060-8B55-585C18501DE0}.Debug|Any CPU.ActiveCfg = Debug|Any CPU
		{C1549375-B510-4060-8B55-585C18501DE0}.Debug|Any CPU.Build.0 = Debug|Any CPU
		{C1549375-B510-4060-8B55-585C18501DE0}.Release|Any CPU.ActiveCfg = Release|Any CPU
		{C1549375-B510-4060-8B55-585C18501DE0}.Release|Any CPU.Build.0 = Release|Any CPU
		{F020099D-34B2-43F3-9F18-97F40784E6F6}.Debug|Any CPU.ActiveCfg = Debug|Any CPU
		{F020099D-34B2-43F3-9F18-97F40784E6F6}.Debug|Any CPU.Build.0 = Debug|Any CPU
		{F020099D-34B2-43F3-9F18-97F40784E6F6}.Release|Any CPU.ActiveCfg = Release|Any CPU
		{F020099D-34B2-43F3-9F18-97F40784E6F6}.Release|Any CPU.Build.0 = Release|Any CPU
	EndGlobalSection
EndGlobal
