
Microsoft Visual Studio Solution File, Format Version 12.00
Project("{FAE04EC0-301F-11D3-BF4B-00C04F79EFBC}") = "cache-me-if-you-can", "cache-me-if-you-can.csproj", "{7304F93C-9D9D-419A-9CA4-5FA518192160}"
EndProject
Global
	GlobalSection(SolutionConfigurationPlatforms) = preSolution
		Debug|Any CPU = Debug|Any CPU
		Release|Any CPU = Release|Any CPU
	EndGlobalSection
	GlobalSection(ProjectConfigurationPlatforms) = postSolution
		{7304F93C-9D9D-419A-9CA4-5FA518192160}.Debug|Any CPU.ActiveCfg = Debug|Any CPU
		{7304F93C-9D9D-419A-9CA4-5FA518192160}.Debug|Any CPU.Build.0 = Debug|Any CPU
		{7304F93C-9D9D-419A-9CA4-5FA518192160}.Release|Any CPU.ActiveCfg = Release|Any CPU
		{7304F93C-9D9D-419A-9CA4-5FA518192160}.Release|Any CPU.Build.0 = Release|Any CPU
	EndGlobalSection
EndGlobal
